
Microsoft Visual Studio Solution File, Format Version 12.00
# Visual Studio Version 17
VisualStudioVersion = 17.11.35312.102
MinimumVisualStudioVersion = 10.0.40219.1
Project("{FAE04EC0-301F-11D3-BF4B-00C04F79EFBC}") = "Aula 7 - Classes", "Aula 7 - Classes.csproj", "{4561FF69-2A8A-4F61-8BF8-4F45BC840259}"
EndProject
Global
	GlobalSection(SolutionConfigurationPlatforms) = preSolution
		Debug|Any CPU = Debug|Any CPU
		Release|Any CPU = Release|Any CPU
	EndGlobalSection
	GlobalSection(ProjectConfigurationPlatforms) = postSolution
		{4561FF69-2A8A-4F61-8BF8-4F45BC840259}.Debug|Any CPU.ActiveCfg = Debug|Any CPU
		{4561FF69-2A8A-4F61-8BF8-4F45BC840259}.Debug|Any CPU.Build.0 = Debug|Any CPU
		{4561FF69-2A8A-4F61-8BF8-4F45BC840259}.Release|Any CPU.ActiveCfg = Release|Any CPU
		{4561FF69-2A8A-4F61-8BF8-4F45BC840259}.Release|Any CPU.Build.0 = Release|Any CPU
	EndGlobalSection
	GlobalSection(SolutionProperties) = preSolution
		HideSolutionNode = FALSE
	EndGlobalSection
	GlobalSection(ExtensibilityGlobals) = postSolution
		SolutionGuid = {EF58CBF7-464E-4D2A-8DDA-0CFD60772215}
	EndGlobalSection
EndGlobal
